
Microsoft Visual Studio Solution File, Format Version 12.00
Project("{2150E333-8FDC-42A3-9474-1A3956D46DE8}") = "src", "src", "{7FC8F2AA-9459-40CF-A2CB-E0BA9BDB9BD7}"
EndProject
Project("{FAE04EC0-301F-11D3-BF4B-00C04F79EFBC}") = "PalworldServers.Grpc", "src\PalworldServers.Grpc\PalworldServers.Grpc.csproj", "{090ED33C-DACA-43DA-B4CE-63D2445FB6D6}"
EndProject
Project("{2150E333-8FDC-42A3-9474-1A3956D46DE8}") = "tests", "tests", "{52D5DA51-41CA-44BE-817F-74A5457DE64F}"
EndProject
Project("{FAE04EC0-301F-11D3-BF4B-00C04F79EFBC}") = "PalworldServers.UnitTests", "tests\PalworldServers.UnitTests\PalworldServers.UnitTests.csproj", "{F14FA882-0683-4EFA-A149-2F1AE29E7362}"
EndProject
Global
	GlobalSection(SolutionConfigurationPlatforms) = preSolution
		Debug|Any CPU = Debug|Any CPU
		Release|Any CPU = Release|Any CPU
	EndGlobalSection
	GlobalSection(ProjectConfigurationPlatforms) = postSolution
		{090ED33C-DACA-43DA-B4CE-63D2445FB6D6}.Debug|Any CPU.ActiveCfg = Debug|Any CPU
		{090ED33C-DACA-43DA-B4CE-63D2445FB6D6}.Debug|Any CPU.Build.0 = Debug|Any CPU
		{090ED33C-DACA-43DA-B4CE-63D2445FB6D6}.Release|Any CPU.ActiveCfg = Release|Any CPU
		{090ED33C-DACA-43DA-B4CE-63D2445FB6D6}.Release|Any CPU.Build.0 = Release|Any CPU
		{F14FA882-0683-4EFA-A149-2F1AE29E7362}.Debug|Any CPU.ActiveCfg = Debug|Any CPU
		{F14FA882-0683-4EFA-A149-2F1AE29E7362}.Debug|Any CPU.Build.0 = Debug|Any CPU
		{F14FA882-0683-4EFA-A149-2F1AE29E7362}.Release|Any CPU.ActiveCfg = Release|Any CPU
		{F14FA882-0683-4EFA-A149-2F1AE29E7362}.Release|Any CPU.Build.0 = Release|Any CPU
	EndGlobalSection
	GlobalSection(NestedProjects) = preSolution
		{090ED33C-DACA-43DA-B4CE-63D2445FB6D6} = {7FC8F2AA-9459-40CF-A2CB-E0BA9BDB9BD7}
		{F14FA882-0683-4EFA-A149-2F1AE29E7362} = {52D5DA51-41CA-44BE-817F-74A5457DE64F}
	EndGlobalSection
EndGlobal
